{
  "projects": [
    {
      "projectId": "r3ASNrnyvLLLAtDvzUioQ",
      "version": "3.18.0",
      "dependencies": {},
      "lang": "ts",
      "fileLocks": [
        {
          "assetId": "r3ASNrnyvLLLAtDvzUioQ",
          "type": "projectCss",
          "checksum": "97ec772be5160e37b26814fd84fdccb9"
        }
      ],
      "codegenVersion": "0.0.1"
    },
    {
      "projectId": "caTPwKxj5ZrD9LQ7DMdK4Z",
      "version": "3.21.0",
      "dependencies": {},
      "lang": "ts",
      "fileLocks": [
        {
          "assetId": "caTPwKxj5ZrD9LQ7DMdK4Z",
          "type": "projectCss",
          "checksum": "e1ec850476829c38b0f9b6d4f7ac446a"
        }
      ],
      "codegenVersion": "0.0.1"
    },
    {
      "projectId": "7nJ7UcFmq9UzB6eXfC5z4a",
      "version": "0.19.0",
      "dependencies": {},
      "lang": "ts",
      "fileLocks": [
        {
          "assetId": "7nJ7UcFmq9UzB6eXfC5z4a",
          "type": "projectCss",
          "checksum": "05587b57f22f0ec8bb54543deb39762e"
        }
      ],
      "codegenVersion": "0.0.1"
    },
    {
      "projectId": "kmmGrmCVRJPgZ5NNJMDQ4v",
      "version": "0.18.0",
      "dependencies": {},
      "lang": "ts",
      "fileLocks": [
        {
          "assetId": "kmmGrmCVRJPgZ5NNJMDQ4v",
          "type": "projectCss",
          "checksum": "dd353f09fbdedf2e1c1db4ee86664b82"
        },
        {
          "assetId": "kmmGrmCVRJPgZ5NNJMDQ4v",
          "checksum": "6f481a4d31f5b4ae5e42a82231055e5d",
          "type": "globalContexts"
        }
      ],
      "codegenVersion": "0.0.1"
    },
    {
      "projectId": "hjKYmYi6HMwK6TRyk7ew5R",
      "version": "6.22.0",
      "dependencies": {},
      "lang": "ts",
      "fileLocks": [
        {
          "assetId": "hjKYmYi6HMwK6TRyk7ew5R",
          "type": "projectCss",
          "checksum": "e76cee85e96cb3fff580d5552a47cfe4"
        },
        {
          "assetId": "hjKYmYi6HMwK6TRyk7ew5R",
          "checksum": "546d3ef788af9a08d1ebeba22c98d45e",
          "type": "globalContexts"
        }
      ],
      "codegenVersion": "0.0.1"
    },
    {
      "projectId": "YUiM7yqBWAqsh8KSnrdj7",
      "version": "0.21.0",
      "dependencies": {},
      "lang": "ts",
      "fileLocks": [
        {
          "assetId": "YUiM7yqBWAqsh8KSnrdj7",
          "type": "projectCss",
          "checksum": "dac72600b04b6e6a3014e82512a15fe1"
        }
      ],
      "codegenVersion": "0.0.1"
    },
    {
      "projectId": "4UKWsAMfUC1kEuLgBvknC",
      "version": "latest",
      "dependencies": {
        "YUiM7yqBWAqsh8KSnrdj7": "0.21.0",
        "hjKYmYi6HMwK6TRyk7ew5R": "6.22.0",
        "kmmGrmCVRJPgZ5NNJMDQ4v": "0.18.0",
        "7nJ7UcFmq9UzB6eXfC5z4a": "0.19.0",
        "caTPwKxj5ZrD9LQ7DMdK4Z": "3.21.0",
        "r3ASNrnyvLLLAtDvzUioQ": "3.18.0"
      },
      "lang": "ts",
      "fileLocks": [
        {
          "type": "globalVariant",
          "assetId": "jZPl8KLomlJe",
          "checksum": "7a2ec6e1cae05bd9b09542e8a3e731af"
        },
        {
          "assetId": "4UKWsAMfUC1kEuLgBvknC",
          "checksum": "fd51f877f6cd81db5462517fcec7b59d",
          "type": "globalContexts"
        },
        {
          "type": "renderModule",
          "assetId": "7H3Mgz8hGsG",
          "checksum": "51bc05011511a7546deb8d45682e3202"
        },
        {
          "type": "cssRules",
          "assetId": "7H3Mgz8hGsG",
          "checksum": "51bc05011511a7546deb8d45682e3202"
        },
        {
          "type": "renderModule",
          "assetId": "k_-PSalGVtgR",
          "checksum": "ab304db99d00dbc1f49c955db70a3f9e"
        },
        {
          "type": "cssRules",
          "assetId": "k_-PSalGVtgR",
          "checksum": "ab304db99d00dbc1f49c955db70a3f9e"
        },
        {
          "type": "renderModule",
          "assetId": "6DWgnI7bPEDU",
          "checksum": "14c7cd28d82e53f2ac94d47b6eeb8591"
        },
        {
          "type": "cssRules",
          "assetId": "6DWgnI7bPEDU",
          "checksum": "14c7cd28d82e53f2ac94d47b6eeb8591"
        },
        {
          "type": "renderModule",
          "assetId": "FC2vrw3ok3g4",
          "checksum": "1665492155a5908bd487fc0970ae43d4"
        },
        {
          "type": "cssRules",
          "assetId": "FC2vrw3ok3g4",
          "checksum": "1665492155a5908bd487fc0970ae43d4"
        },
        {
          "type": "renderModule",
          "assetId": "giXhCV492P70",
          "checksum": "23e53e128bd7fd640011bacc08e0083a"
        },
        {
          "type": "cssRules",
          "assetId": "giXhCV492P70",
          "checksum": "23e53e128bd7fd640011bacc08e0083a"
        },
        {
          "type": "renderModule",
          "assetId": "t24hWvFS2tJK",
          "checksum": "2dcc61794ef70096fd02e4cff8faa8f0"
        },
        {
          "type": "cssRules",
          "assetId": "t24hWvFS2tJK",
          "checksum": "2dcc61794ef70096fd02e4cff8faa8f0"
        },
        {
          "type": "renderModule",
          "assetId": "qp4CepOrTNn1",
          "checksum": "9f810ddd28493ecbe57b6dd72ccf2373"
        },
        {
          "type": "cssRules",
          "assetId": "qp4CepOrTNn1",
          "checksum": "9f810ddd28493ecbe57b6dd72ccf2373"
        },
        {
          "type": "renderModule",
          "assetId": "WR_2y6wtBnzE",
          "checksum": "d4c3e7a227f07d99836d975f387df640"
        },
        {
          "type": "cssRules",
          "assetId": "WR_2y6wtBnzE",
          "checksum": "d4c3e7a227f07d99836d975f387df640"
        },
        {
          "type": "renderModule",
          "assetId": "5I9jIv8xBtmV",
          "checksum": "682877b506e801be02b5a0872af055e9"
        },
        {
          "type": "cssRules",
          "assetId": "5I9jIv8xBtmV",
          "checksum": "682877b506e801be02b5a0872af055e9"
        },
        {
          "type": "renderModule",
          "assetId": "JiJnRrEv4Sfr",
          "checksum": "f50ac8e971a6bae8c6e2f1261c02bb83"
        },
        {
          "type": "cssRules",
          "assetId": "JiJnRrEv4Sfr",
          "checksum": "f50ac8e971a6bae8c6e2f1261c02bb83"
        },
        {
          "type": "renderModule",
          "assetId": "_5P11KHEm1uX",
          "checksum": "d85ce4b4713b233a26f127eb695f5592"
        },
        {
          "type": "cssRules",
          "assetId": "_5P11KHEm1uX",
          "checksum": "d85ce4b4713b233a26f127eb695f5592"
        },
        {
          "type": "renderModule",
          "assetId": "xEFhD8NQ6OYB",
          "checksum": "054a83aa9bd7799612ec07c5f62750b1"
        },
        {
          "type": "cssRules",
          "assetId": "xEFhD8NQ6OYB",
          "checksum": "054a83aa9bd7799612ec07c5f62750b1"
        },
        {
          "type": "renderModule",
          "assetId": "0h33b82XzEHG",
          "checksum": "be78f788900991db0310a30697e3f5ef"
        },
        {
          "type": "cssRules",
          "assetId": "0h33b82XzEHG",
          "checksum": "be78f788900991db0310a30697e3f5ef"
        },
        {
          "type": "renderModule",
          "assetId": "C2k--8EE_BV8",
          "checksum": "516d329809aa87c410bc4c82b157dc08"
        },
        {
          "type": "cssRules",
          "assetId": "C2k--8EE_BV8",
          "checksum": "516d329809aa87c410bc4c82b157dc08"
        },
        {
          "type": "renderModule",
          "assetId": "4lse9ErhYc7w",
          "checksum": "63354be75508e101232464764720baca"
        },
        {
          "type": "cssRules",
          "assetId": "4lse9ErhYc7w",
          "checksum": "63354be75508e101232464764720baca"
        },
        {
          "type": "renderModule",
          "assetId": "2AKj2rj7voom",
          "checksum": "ee6d55aa1f1d9a7bed9d4997e409ae2a"
        },
        {
          "type": "cssRules",
          "assetId": "2AKj2rj7voom",
          "checksum": "ee6d55aa1f1d9a7bed9d4997e409ae2a"
        },
        {
          "type": "renderModule",
          "assetId": "V4VXeIG5tuJ",
          "checksum": "0155ba6c22f436ba91e4250994e932c9"
        },
        {
          "type": "cssRules",
          "assetId": "V4VXeIG5tuJ",
          "checksum": "0155ba6c22f436ba91e4250994e932c9"
        },
        {
          "type": "renderModule",
          "assetId": "tIekD3-XbimC",
          "checksum": "73833ec731834ebbeb063ecc7e4a7b7b"
        },
        {
          "type": "cssRules",
          "assetId": "tIekD3-XbimC",
          "checksum": "73833ec731834ebbeb063ecc7e4a7b7b"
        },
        {
          "type": "renderModule",
          "assetId": "l_wJKAfEnxEq",
          "checksum": "36d1b6676e85937cfdf6e6a3ad17d76e"
        },
        {
          "type": "cssRules",
          "assetId": "l_wJKAfEnxEq",
          "checksum": "36d1b6676e85937cfdf6e6a3ad17d76e"
        },
        {
          "type": "renderModule",
          "assetId": "JsS0ct-wVXiw",
          "checksum": "69b938bd0bec75dbee2b2314425569bc"
        },
        {
          "type": "cssRules",
          "assetId": "JsS0ct-wVXiw",
          "checksum": "69b938bd0bec75dbee2b2314425569bc"
        },
        {
          "type": "icon",
          "assetId": "9RBJda1yys0U",
          "checksum": "a84afe5649330d427df24a0e69e96e05"
        },
        {
          "type": "icon",
          "assetId": "a19zrVPV_w7Y",
          "checksum": "6d39f1129ce09a2ddb678523aef21a82"
        },
        {
          "type": "icon",
          "assetId": "nyvWcEMUYQez",
          "checksum": "fc5db23eb49be72e2ae01434591bc084"
        },
        {
          "type": "icon",
          "assetId": "Pfqn_KJbm2eq",
          "checksum": "681618088b2a47ab41fa739e39473e99"
        },
        {
          "type": "icon",
          "assetId": "nRqJmf-SCQmJ",
          "checksum": "1106c25ab9209a722ac13581735eadc6"
        },
        {
          "type": "icon",
          "assetId": "ItEMBKBSHI_h",
          "checksum": "c38147cccee5bfc01a21f00a9271511a"
        },
        {
          "type": "icon",
          "assetId": "pVMCfyzsBH7w",
          "checksum": "040248e27917247eebafd4908317b860"
        },
        {
          "type": "icon",
          "assetId": "Fl8rNVt_m7VE",
          "checksum": "e50469c8330f05a344828e6c0380091f"
        },
        {
          "type": "icon",
          "assetId": "7BYPu_8pUrVt",
          "checksum": "3864f34b5559b51c372c5b61452a9698"
        },
        {
          "type": "icon",
          "assetId": "-fcvcAH_ehZ_",
          "checksum": "ac3e26ae14621839fe4d59bd206fffd4"
        },
        {
          "type": "icon",
          "assetId": "LQGNpKNZwrnG",
          "checksum": "e4ed9b87516cd63603a8f431d6de8623"
        },
        {
          "type": "image",
          "assetId": "-Z93sk1evpTe",
          "checksum": "f8d8175441cf9787bdc29805c17762ed"
        },
        {
          "type": "image",
          "assetId": "eBgyKcyJSbPD",
          "checksum": "d8044e13ec232b15fad1a7f60cd3fb67"
        },
        {
          "type": "image",
          "assetId": "2_jP-PGFeWro",
          "checksum": "7bd4a925ca17e0b895cc4ccab0c6a0a6"
        },
        {
          "type": "image",
          "assetId": "jEMJS8vEwM5r",
          "checksum": "547f1f1400039007741b9452d97d80e4"
        },
        {
          "type": "image",
          "assetId": "tqQgfDkaUvFI",
          "checksum": "2fb2c61bca887fa0a8780edbe439b7b3"
        },
        {
          "type": "image",
          "assetId": "E-pWuSluXIcP",
          "checksum": "762020421c8c96fa4f6ebde2b288087d"
        },
        {
          "type": "image",
          "assetId": "yQJ38SvwxPga",
          "checksum": "689bf2bcd7c47872309386e5326a173b"
        },
        {
          "type": "image",
          "assetId": "fEB4E54kwuNh",
          "checksum": "601bbe910ebb7d45fa6f6752470b15fa"
        },
        {
          "type": "image",
          "assetId": "Y0BbKrxh5Mu-",
          "checksum": "c9036660b15eddc4b050be1b672c5583"
        },
        {
          "type": "image",
          "assetId": "XNxmFA_MeX-5",
          "checksum": "0aafa23c281b2a6507fa9df81c97ed62"
        },
        {
          "type": "image",
          "assetId": "WBy3kSYeu8zS",
          "checksum": "31686416f8649954b6b8d2df8a69c518"
        },
        {
          "type": "image",
          "assetId": "661Mlik--V3R",
          "checksum": "87a557717ca41e8fb22b4ab28b6a5ce5"
        },
        {
          "type": "image",
          "assetId": "Sevr7VRoelQa",
          "checksum": "c7690875b7d64313f88b3f09595e25ef"
        },
        {
          "type": "image",
          "assetId": "LKe4ESN1zFkc",
          "checksum": "e0472201b65e04f38b1690bab227aafa"
        },
        {
          "type": "image",
          "assetId": "5_bpmKv5ugX-",
          "checksum": "3f0ecd1d1453e44ff850ce09f3776d64"
        },
        {
          "type": "image",
          "assetId": "rd5TSb-Qq-jz",
          "checksum": "a3210b8eca86d67ec540d9b26eab79c9"
        },
        {
          "type": "image",
          "assetId": "qxfia5sjntJQ",
          "checksum": "52f5e9fdf313e0686e158a591f01778a"
        },
        {
          "type": "image",
          "assetId": "5Rix44x0pIRE",
          "checksum": "1c8d06a71ced207064bbcc21388d0924"
        },
        {
          "type": "image",
          "assetId": "_mU3bE0D2Urm",
          "checksum": "ce1fc6732a43d264ff77cc264ca1d27d"
        },
        {
          "type": "image",
          "assetId": "vTYs3ivZNjv1",
          "checksum": "8a94d788ce8cd36517d6240367d5ef02"
        },
        {
          "type": "image",
          "assetId": "9FrQMJwd4Biw",
          "checksum": "705270988e783495feb31a741d873cf3"
        },
        {
          "type": "image",
          "assetId": "bAxMPJ_2xspc",
          "checksum": "6a6e29014ca0c83283a2f25f2ac6adad"
        },
        {
          "type": "image",
          "assetId": "ujIHk0YtABeg",
          "checksum": "323cc0cd0214a5642a4e1f7785d1c48d"
        },
        {
          "type": "image",
          "assetId": "SbIsgFP2eSTR",
          "checksum": "2f8ef8729e51544e0032443056f343f8"
        },
        {
          "type": "image",
          "assetId": "KFD4Adr-q9td",
          "checksum": "793ede7b0b24229b8ad420dba3fc4b67"
        },
        {
          "type": "image",
          "assetId": "lt1aijK1qdb6",
          "checksum": "16c70110065f82d5e60898b7dd086ce5"
        },
        {
          "type": "image",
          "assetId": "I_pXpR0l--Yz",
          "checksum": "f3f78e147eed9218248b1b7880ebd111"
        },
        {
          "type": "image",
          "assetId": "pLi7T5bmHodJ",
          "checksum": "57d52557ac7a15c55052fde2e06a89c3"
        },
        {
          "type": "image",
          "assetId": "M1UrlyavbOG4",
          "checksum": "00be09b8f01753fe2472b9a7f3bfad3e"
        },
        {
          "type": "image",
          "assetId": "XncLAokOh1Ld",
          "checksum": "679b7e4b2656dc7a7a7946d448d4ebed"
        },
        {
          "type": "image",
          "assetId": "4pNUvlDosO7B",
          "checksum": "962ec963d45e1203207275317799d4b3"
        },
        {
          "type": "image",
          "assetId": "6IJ05PGDTOAO",
          "checksum": "d2295319f187ce933ad5478836781e27"
        },
        {
          "type": "image",
          "assetId": "7QZxEpG2ifsO",
          "checksum": "4b943d6cc706b4e84e84280f581db7ea"
        },
        {
          "type": "image",
          "assetId": "ec_kIw8FGYah",
          "checksum": "2fdc7106619fa1a1eee0d730cd51cf6e"
        },
        {
          "type": "image",
          "assetId": "oEcqTKnwBFvN",
          "checksum": "db97b01c25a3e2f5502592df97f46a19"
        },
        {
          "type": "image",
          "assetId": "hh0PYpwVx0nR",
          "checksum": "fcfa609f0fd43bc7aa1170080d4a73be"
        },
        {
          "type": "image",
          "assetId": "UkmzXBsv63tr",
          "checksum": "7a2227c1a91a3592562970b90cda4875"
        },
        {
          "type": "image",
          "assetId": "Qnf_5zlIJMKd",
          "checksum": "94c20573694e2f642112440766150468"
        },
        {
          "type": "image",
          "assetId": "_nfq07LXMHeZ",
          "checksum": "5b1fba75a414a233f1a2ee7b10f9eedd"
        },
        {
          "type": "image",
          "assetId": "MHl75BxvxFzD",
          "checksum": "fa9d69750e056ed1b3ae82b9c6c2198b"
        },
        {
          "type": "image",
          "assetId": "zxRCk5iKMdIX",
          "checksum": "8d19ea6d10715f503ce46971ddc504b5"
        },
        {
          "type": "image",
          "assetId": "0PBzOPQvOdbf",
          "checksum": "0ad7a3e4f55019119f0cc838aceca473"
        },
        {
          "type": "image",
          "assetId": "V7yXOrWy9vgy",
          "checksum": "0ad55315ecbdee714f65dc189504606f"
        },
        {
          "type": "image",
          "assetId": "bCWFQ0xrzogU",
          "checksum": "2cc81d43edbd5ade05493c13a4cebb59"
        },
        {
          "type": "image",
          "assetId": "7Pgw1VYuukV6",
          "checksum": "a0ce9f654eba590c4ecb5fafcf3c7bd7"
        },
        {
          "type": "image",
          "assetId": "1wIdMLGPGfM_",
          "checksum": "7b1fb9a98f1ad9ce48dd20d037056466"
        },
        {
          "type": "image",
          "assetId": "ok-cB7ssvC5k",
          "checksum": "0221161f09c12a6e8ebd328fd9a3246c"
        },
        {
          "type": "image",
          "assetId": "ldR9XsffHs2N",
          "checksum": "8d0eb1202f0eb54efb450fc331c0dc41"
        },
        {
          "type": "image",
          "assetId": "tJ5_Ru9leDdX",
          "checksum": "54d5081b577af4b6ee6c507da109655b"
        },
        {
          "type": "image",
          "assetId": "EhtDfX1gxE1Y",
          "checksum": "10867f250b502fbde034af1ae6527f11"
        },
        {
          "type": "image",
          "assetId": "FWrlEpqf5aoW",
          "checksum": "0d6e534100f29c8482856b26593b96ef"
        },
        {
          "type": "image",
          "assetId": "YL_GYytrpPYp",
          "checksum": "56cc781785e5daeb7eaaa9fb14fced45"
        },
        {
          "type": "image",
          "assetId": "372IkKB7_SEN",
          "checksum": "93876dc59f66f93436ea810b5ae1501e"
        },
        {
          "type": "image",
          "assetId": "GDPYSyt2QaZk",
          "checksum": "b388a55bbf9ea13ace7ee666f05bc14f"
        },
        {
          "type": "image",
          "assetId": "kvnMM0tcSNCN",
          "checksum": "c02d37da2296f4a4f7c8d77cbada7881"
        },
        {
          "type": "image",
          "assetId": "p6RH7JA-Ax6l",
          "checksum": "9d3fb190bc2b5b123bc82bfd087f12ef"
        },
        {
          "type": "image",
          "assetId": "VS7_i7d-ILRo",
          "checksum": "ae1b1ddec560004fd15cf2a7b80990b0"
        },
        {
          "type": "image",
          "assetId": "oAS_Tf152enS",
          "checksum": "b33c2164ed1d336c1581812d54e03191"
        },
        {
          "type": "image",
          "assetId": "XV7lDXAIYCUA",
          "checksum": "2ee3c3ab4f463160b857a8b77883449f"
        },
        {
          "type": "image",
          "assetId": "SkhAmkkAKc_c",
          "checksum": "f89a13b64d7d255fa98ecb6e29ded718"
        },
        {
          "type": "image",
          "assetId": "CoFqU5r-hDUa",
          "checksum": "ceffb22e89264b6e8e3ee0085a85697e"
        },
        {
          "type": "image",
          "assetId": "hiJu28x4p8r_",
          "checksum": "facd09f18bd2740b14d10872b2a5e2d9"
        },
        {
          "type": "image",
          "assetId": "XCuogGbYgiBK",
          "checksum": "bf439755730ea24751915ee525a34c19"
        },
        {
          "type": "image",
          "assetId": "VSb-5IPPMMiN",
          "checksum": "a3abe7e1900f7fd9684f99482e796f2a"
        },
        {
          "type": "image",
          "assetId": "DIScVIwYiNCY",
          "checksum": "df76ce1c58c2e5d638fbe8fb8de76d36"
        },
        {
          "type": "image",
          "assetId": "xw-W-DBkkSGX",
          "checksum": "787debd49bd1b516ef8af474647875e0"
        },
        {
          "type": "image",
          "assetId": "3emrmWLCijr9",
          "checksum": "932d1525c82692bb770c2af019cc1800"
        },
        {
          "type": "image",
          "assetId": "LP3Jb_6HJ07Y",
          "checksum": "0c55a3cb24ef9e88f3004eebdb12e4ce"
        },
        {
          "type": "image",
          "assetId": "GkTnjE2GvBuo",
          "checksum": "cca95f87b2e0a8ce984c8d565509db52"
        },
        {
          "type": "image",
          "assetId": "vJPZNvSdV2xX",
          "checksum": "6993b76f6a6b95301fc69bb40104ff6b"
        },
        {
          "type": "image",
          "assetId": "F8s8M3Vc8BXn",
          "checksum": "b9f9ded8dcb33f921a454fec2ee0cfbf"
        },
        {
          "type": "image",
          "assetId": "oIgwdC4fs9DG",
          "checksum": "f07bfbd80680ae89f5839b79c22be090"
        },
        {
          "type": "image",
          "assetId": "F3Y7e-9fC-iS",
          "checksum": "bafc106f6dbabc89a19ce3ee14deb9a7"
        },
        {
          "type": "image",
          "assetId": "yluzB-kG7wmV",
          "checksum": "182c61a4f0e41491f380e3a5452ef910"
        },
        {
          "type": "image",
          "assetId": "dRfE-Hg6wFhu",
          "checksum": "10b3358a8201390855c7dfae9fe73b28"
        },
        {
          "type": "image",
          "assetId": "AJVpflvWyfHC",
          "checksum": "a6452b480d0bffe7f02ca34a446ba9c7"
        },
        {
          "type": "image",
          "assetId": "PIySWaqZvrOC",
          "checksum": "453b11daac5af3290c1391e5a9b035c2"
        },
        {
          "type": "image",
          "assetId": "g_pKTiycPuX3",
          "checksum": "13d8e5513444153cc7d95368c9798c48"
        },
        {
          "type": "image",
          "assetId": "Xc0mnS_9QMTp",
          "checksum": "2615b6ed41b9439d066ac9528d4047aa"
        },
        {
          "type": "image",
          "assetId": "CdNbxns-FJlX",
          "checksum": "f470d935a77faf7200fbd07c96e5006b"
        },
        {
          "type": "image",
          "assetId": "BJ00moRczl0r",
          "checksum": "ae629b7f2a26c31b9f6c8ba38a20834b"
        },
        {
          "type": "image",
          "assetId": "EUS89kxaEYQz",
          "checksum": "034db30e0b46dd5465811f180e0d070f"
        },
        {
          "type": "image",
          "assetId": "EyV0kT7wxwQ2",
          "checksum": "256fbcf94ead8bfe0058299014e24260"
        },
        {
          "type": "image",
          "assetId": "49tQRJTnb8vz",
          "checksum": "bcf74fa4da3cff89f97dc07c70d9d8b2"
        },
        {
          "type": "image",
          "assetId": "sKsr5GjPPAVt",
          "checksum": "010879775293492119d059f4c54db3ed"
        },
        {
          "type": "image",
          "assetId": "aJezD_Ggjasx",
          "checksum": "821ded588a26e83dba15bea78188994e"
        },
        {
          "type": "image",
          "assetId": "SgnIVsQDK_9i",
          "checksum": "8693f981b55b092d1b5ff261e6f7ca8b"
        },
        {
          "type": "image",
          "assetId": "zBka-3UCP-sM",
          "checksum": "4d0222ae1aa0a187a238644cbbe31382"
        },
        {
          "type": "image",
          "assetId": "-SM_1r1T_B-P",
          "checksum": "8e6baa78f8e2d3ec8fd8c4476e87ecf3"
        },
        {
          "type": "image",
          "assetId": "8JzM2X-j_8xW",
          "checksum": "d892f83387bd34521025d79f264dd0db"
        },
        {
          "type": "image",
          "assetId": "UNYj9vTYmlUJ",
          "checksum": "5bc0c16422471d5fab92a1c6c0543e01"
        },
        {
          "type": "image",
          "assetId": "c_dsGKkS16W2",
          "checksum": "34a47805f6c50bfe0779c0e2bd4fd622"
        },
        {
          "type": "image",
          "assetId": "fCuolRSUiIvG",
          "checksum": "0ec97c8ea011ff07ae896459e370e673"
        },
        {
          "type": "image",
          "assetId": "ieah54nBJg2c",
          "checksum": "3e8c83863251c3512c630144085ed915"
        },
        {
          "type": "image",
          "assetId": "Uq_JwiGLD4jG",
          "checksum": "2aac56134bad72f2587c94741b0c9b7e"
        },
        {
          "type": "image",
          "assetId": "tjJWdUoLmA71",
          "checksum": "b15cfb99d224c20e687851ca13225ef9"
        },
        {
          "type": "image",
          "assetId": "2KjLRviSPrK6",
          "checksum": "b2767a9b5d3b42fd34a25528e76453df"
        },
        {
          "type": "image",
          "assetId": "vtZBAjFlUq_E",
          "checksum": "db46ac3027ee20577ffdb00530f99397"
        },
        {
          "type": "image",
          "assetId": "gdqJ9AQL5OAN",
          "checksum": "bf910eef78b1ba25780513d87339fe52"
        },
        {
          "type": "image",
          "assetId": "fw4Ct6w2pSR8",
          "checksum": "002407b60307d5ffefe334657407feb8"
        },
        {
          "type": "image",
          "assetId": "KQEyIFTn9pMa",
          "checksum": "0ebdbffe96895f90ac2c241e9196cabc"
        },
        {
          "type": "image",
          "assetId": "y1AHa1MZ6drw",
          "checksum": "c2a48e9c0680fb846fcbb3e5cd084518"
        },
        {
          "type": "image",
          "assetId": "VohfxCTGQzpl",
          "checksum": "affcbb6a0fcbadfba626a36b1276ea83"
        },
        {
          "type": "image",
          "assetId": "qkMcgFWJIgyk",
          "checksum": "d533d1fb2ff09b8726f6d1a7434922fe"
        },
        {
          "type": "image",
          "assetId": "eJeePsU2W4KX",
          "checksum": "4e940cba75b46dfe3c3af8832cd682ab"
        },
        {
          "type": "image",
          "assetId": "wR5JQmYx2XHL",
          "checksum": "7146367cf5b0aaf862f78096880cd0fc"
        },
        {
          "type": "image",
          "assetId": "MWBSxVaYLJKO",
          "checksum": "41d6e80aa50af8abea5b914586e1219a"
        },
        {
          "type": "image",
          "assetId": "xukKCwrScl9U",
          "checksum": "37be205bd8cd44af699f57f4962d2722"
        },
        {
          "type": "image",
          "assetId": "HuJWWaeippe-",
          "checksum": "95f000febd7c6e02e89983b562455662"
        },
        {
          "type": "image",
          "assetId": "VBKBI7s6I1wT",
          "checksum": "33a70ccd148d6ac9a487dd97c9b50b70"
        },
        {
          "type": "image",
          "assetId": "W-DfXj6wHLrv",
          "checksum": "daa5994b7f64541d52622d22934e61b9"
        },
        {
          "type": "image",
          "assetId": "fDoERQc7p_0o",
          "checksum": "46ca39389cb62b4f468bd53a2adef304"
        },
        {
          "type": "image",
          "assetId": "ECIg4wFle5mF",
          "checksum": "03360c145fe0c6e8b329f69b3f9d96ca"
        },
        {
          "type": "image",
          "assetId": "BTxKVuSYHNQX",
          "checksum": "2ab95669978aaf78e7de6beb2b4aa872"
        },
        {
          "type": "image",
          "assetId": "yRQP_37kFknk",
          "checksum": "f63ee02c4e3edd1196379febca8be31b"
        },
        {
          "type": "image",
          "assetId": "wwTG_lJKe2Gn",
          "checksum": "a889178ff4cd40b63dfca409c890749a"
        },
        {
          "type": "image",
          "assetId": "CNvoxdk5o8ph",
          "checksum": "0d4db89338115e58d464270fa897f03e"
        },
        {
          "type": "image",
          "assetId": "QBEKUBN1jkZ5",
          "checksum": "ff16e9836ab5382b6155dd3e72002bf8"
        },
        {
          "type": "image",
          "assetId": "H1clvYc8XBlY",
          "checksum": "07ba1333d12f8790d654978af200c767"
        },
        {
          "type": "image",
          "assetId": "D7Q9PyhE5L5c",
          "checksum": "3de93c4450be0351cedfd3a1d8ca981f"
        },
        {
          "type": "image",
          "assetId": "eCaHtmxHA6dm",
          "checksum": "2b01865a20b6edf02dd9979f48f5f582"
        },
        {
          "type": "image",
          "assetId": "fSjbVW2DoTE1",
          "checksum": "b4bec8d4d70824d871453cf29ea07356"
        },
        {
          "type": "image",
          "assetId": "FNVe5jUILY8z",
          "checksum": "cde114b045d2e7b18b225987da5bcc22"
        },
        {
          "type": "image",
          "assetId": "X2eJQGCSt6vT",
          "checksum": "d190127275a6e7b983b4ca911a524a60"
        },
        {
          "type": "image",
          "assetId": "-Z_jFzobEi4B",
          "checksum": "ac9dc2b1704c00344070f76ace82b1c8"
        },
        {
          "type": "image",
          "assetId": "YTge6YzkQFyF",
          "checksum": "2833ecd7428b072132a5e81a4523fd8c"
        },
        {
          "type": "image",
          "assetId": "MyaTbNaAIUP0",
          "checksum": "bb7665f28cd0e7b9422a7e25f529cca0"
        },
        {
          "type": "image",
          "assetId": "cpbf5U8RCVn0",
          "checksum": "491678d4355c4e918392b8360fa2851f"
        },
        {
          "type": "image",
          "assetId": "jCDGKc5iWgxs",
          "checksum": "a253e0f65f53ab4ff871800844caf6c5"
        },
        {
          "type": "image",
          "assetId": "fFDV62WyYfjP",
          "checksum": "d8ffde08157cc827b38a2f94c06efee9"
        },
        {
          "type": "image",
          "assetId": "0ixe0Si3al7h",
          "checksum": "2bf1b69c031f31e159788da9926dfa44"
        },
        {
          "type": "image",
          "assetId": "MaEIif8ixK3g",
          "checksum": "c9ffaf77de85c6f2ff832c48f6f2881a"
        },
        {
          "type": "image",
          "assetId": "ULurNeNcTTMJ",
          "checksum": "4eac8fce985fb7c01ead4a80812a65c3"
        },
        {
          "type": "image",
          "assetId": "lizaHwLoanfc",
          "checksum": "fc6ece3f5a953af63174a55182637f07"
        },
        {
          "type": "image",
          "assetId": "xfjsaO0z3mkq",
          "checksum": "2827c40f708efdbd16d3a5bb9f5881c9"
        },
        {
          "type": "image",
          "assetId": "fOK2Cj4kmviy",
          "checksum": "99ab5765869c9803171b6667afa03a84"
        },
        {
          "type": "image",
          "assetId": "XDCpQpIS5UuZ",
          "checksum": "819c2205a25398291a7c7020212ffa6d"
        },
        {
          "type": "image",
          "assetId": "zEou2chcsVlo",
          "checksum": "e0d0da177e35f7788ad99c9c2ce1755b"
        },
        {
          "type": "image",
          "assetId": "BgGzEShc1BMg",
          "checksum": "910055f3580a820ecd8e4af92c7d4ea9"
        },
        {
          "type": "image",
          "assetId": "82bnIa_BRTxw",
          "checksum": "118727942017f67f04f27ac11121f759"
        },
        {
          "type": "image",
          "assetId": "OcAagod0406u",
          "checksum": "a5c1073cafaca4c468d5edc009aefcec"
        },
        {
          "type": "image",
          "assetId": "LioL8c8buYlj",
          "checksum": "7cdd36c4241b50f38df9d4a564acaeb8"
        },
        {
          "type": "image",
          "assetId": "SGj6K8LC7Efs",
          "checksum": "53e8f93b05d69a9d8ae7dc570a6215cf"
        },
        {
          "type": "image",
          "assetId": "_wsho9V3unZz",
          "checksum": "6ef614e41f8c47530e3de6a7195415b3"
        },
        {
          "type": "image",
          "assetId": "LU5yY8VoXhTv",
          "checksum": "813d3e95bcd79a0afa4bfc46f6299f9f"
        },
        {
          "type": "image",
          "assetId": "XGr1ygKt-Erx",
          "checksum": "f4ffe3a30ffdd97193205420fd71a63c"
        },
        {
          "type": "image",
          "assetId": "zD5IAZemJJwL",
          "checksum": "ab6a2fabb1865539900f8220e56c740f"
        },
        {
          "type": "image",
          "assetId": "NC56Jx7rAPW_",
          "checksum": "3477105ec3c75cecb4bb46c63c0852f1"
        },
        {
          "type": "image",
          "assetId": "6kCRwUrTkhgv",
          "checksum": "ef75b4423bd79f0752c05b9804590667"
        },
        {
          "type": "image",
          "assetId": "PHmB5CNZl3V0",
          "checksum": "fc87f9f638864759a1eb05a6a2fccd38"
        },
        {
          "type": "image",
          "assetId": "kk3sDL9KX8ji",
          "checksum": "980960440731c02ca2fbac70b2e599ed"
        },
        {
          "type": "image",
          "assetId": "RCACKecqdB3I",
          "checksum": "56a6ab72bee101020b08cbd4283ece6c"
        },
        {
          "type": "image",
          "assetId": "5aJQ03AxWxKE",
          "checksum": "f287768999dbb7ed6ec1f67cb59c634f"
        },
        {
          "type": "image",
          "assetId": "EKOD_yuwum0c",
          "checksum": "035ae9519fbbe7d3c2364f07014cb373"
        },
        {
          "type": "image",
          "assetId": "FjcDyynG_9-H",
          "checksum": "e21e598ded176fd8e3c555e82fc06931"
        },
        {
          "type": "image",
          "assetId": "idqtY-yfjeVN",
          "checksum": "2406dd920230c634701e43ff29f21da6"
        },
        {
          "type": "image",
          "assetId": "FLcQf-RGlXhI",
          "checksum": "538b1e5efcfe3c3415282fe6c3fba758"
        },
        {
          "type": "image",
          "assetId": "U8sUyvr5q5r-",
          "checksum": "50306880759f1100b962f64925154d20"
        },
        {
          "type": "image",
          "assetId": "2gMHReB6tiNx",
          "checksum": "605138caf4aa639927984b8a47cefa3a"
        },
        {
          "type": "image",
          "assetId": "dVMKYedVFjlL",
          "checksum": "8b69ac50515e0b5a4ea7b0dbcf509e8b"
        },
        {
          "type": "image",
          "assetId": "zN5vPK9MofXO",
          "checksum": "28f219c1c62cb401a793a1ea211c3337"
        },
        {
          "type": "image",
          "assetId": "r7F9cRZoxXY9",
          "checksum": "265921c095ca4e897c96277f2a0ff69c"
        },
        {
          "type": "image",
          "assetId": "8GJRWebWrWRi",
          "checksum": "56a8676b15edbaff831500e69de3fe6b"
        },
        {
          "type": "image",
          "assetId": "KOG5WZMV8IF9",
          "checksum": "8a45465252bcf47e162b2ad309cac113"
        },
        {
          "type": "image",
          "assetId": "1zzfo8MTpf4_",
          "checksum": "de29a40db4ee36ce4f42cabb70222097"
        },
        {
          "type": "image",
          "assetId": "wvUzMaZztstf",
          "checksum": "3048ade33c129b16c6f692afce2a282d"
        },
        {
          "type": "image",
          "assetId": "oArkGui6O_Ux",
          "checksum": "47b3041c3cd967fd481d7fbb50751cbf"
        },
        {
          "type": "image",
          "assetId": "L6FbzhyiwDYS",
          "checksum": "7f2512ada854485010c36fd94c8ad344"
        },
        {
          "type": "image",
          "assetId": "2Vs5kLajk6i7",
          "checksum": "2b15681a7b7a3e9a118931dd51b3e5ee"
        },
        {
          "type": "image",
          "assetId": "ElFW2NcJTaWM",
          "checksum": "cc740c913e11a1cd5b3644345e2b4c19"
        },
        {
          "type": "image",
          "assetId": "3KhcdzSxn8Cr",
          "checksum": "19c49701035b6c9e154e1cf363ea13f3"
        },
        {
          "type": "image",
          "assetId": "RfrFK7ueWEmi",
          "checksum": "6255de84b4d7a090d312aef5f842e8ea"
        },
        {
          "type": "image",
          "assetId": "pyWOm4xI9ffP",
          "checksum": "9bcc089c26fd41a01189a043f4fae2a4"
        },
        {
          "type": "image",
          "assetId": "LspOKK-MIaTr",
          "checksum": "b271fb286016d8a1ef753ea17fcacd2a"
        },
        {
          "type": "image",
          "assetId": "x6opW4qdKdNS",
          "checksum": "56601fffa6f912ac8dfafe51443c9282"
        },
        {
          "type": "image",
          "assetId": "tZgNS91xjsdu",
          "checksum": "fa5055a9e85521069aa1233c7791bd20"
        },
        {
          "type": "image",
          "assetId": "Z-AbNMPr4IS4",
          "checksum": "a83be906d8d8284996af22dfab05e9c5"
        },
        {
          "type": "image",
          "assetId": "Fw_YMCMVKhLE",
          "checksum": "a82a07be0468415b48eb4841496c9b46"
        },
        {
          "type": "image",
          "assetId": "RoabTSLGh4BC",
          "checksum": "8f1ba7e5a3b2bdf8848ae0fdba047af1"
        },
        {
          "type": "image",
          "assetId": "15o5_apXlG2_",
          "checksum": "e8a81f917dd7aa5e7624a2475c2977fd"
        },
        {
          "type": "image",
          "assetId": "5dgec-fjJK",
          "checksum": "70bc0e0edf4b2f9e73014a1c7a4b9ce6"
        },
        {
          "type": "image",
          "assetId": "71bujxa5R",
          "checksum": "27e74a3de0f8c99098cc9b5613fdfd6b"
        },
        {
          "type": "image",
          "assetId": "OBBlQtr9E",
          "checksum": "7fc1754a3aa49c0af1cbb25f2f77cda5"
        },
        {
          "type": "image",
          "assetId": "1KdloPSHV",
          "checksum": "9c3e77e5a5abf0811990daf25b6caa6c"
        },
        {
          "type": "image",
          "assetId": "vsD_YqVMR",
          "checksum": "29dbb69b06d55b286c3848b1883e641f"
        },
        {
          "type": "image",
          "assetId": "gyTcMScRa",
          "checksum": "ab5c927f11bc2197bd59d02b96780a08"
        },
        {
          "type": "image",
          "assetId": "f5ZLR_Ox-",
          "checksum": "81cddf1423f46e4cc63ae3f3c12cc71e"
        },
        {
          "type": "image",
          "assetId": "EXR5Si1lr",
          "checksum": "a9cf11f5299dbb45a6f3594473bd8baa"
        },
        {
          "type": "image",
          "assetId": "yi7RS3OZK",
          "checksum": "2a140ed77ced0d4415b7e407c3be05e9"
        },
        {
          "type": "renderModule",
          "assetId": "IEOfrKaOoVGh",
          "checksum": "2abc580c1954db7971cab0f8e0f536a7"
        },
        {
          "type": "cssRules",
          "assetId": "IEOfrKaOoVGh",
          "checksum": "2abc580c1954db7971cab0f8e0f536a7"
        },
        {
          "type": "image",
          "assetId": "3w6-dRuJh",
          "checksum": "8893d947bf9181d9f63cade81fdd4c73"
        },
        {
          "assetId": "4UKWsAMfUC1kEuLgBvknC",
          "type": "projectCss",
          "checksum": "07b7c3e1aa3861e400c90332ad4002b3"
        }
      ],
      "codegenVersion": "0.0.1"
    }
  ],
  "cliVersion": "0.1.302"
}
